// !$*UTF8*$!
{
	archiveVersion = 1;
	classes = {
	};
	objectVersion = 46;
	objects = {

/* Begin PBXBuildFile section */
		657E53411C7093BA005AD109 /* GalleryCollectionViewController.swift in Sources */ = {isa = PBXBuildFile; fileRef = 657E53401C7093BA005AD109 /* GalleryCollectionViewController.swift */; };
		657E53431C7093CE005AD109 /* ImageCollectionViewCell.swift in Sources */ = {isa = PBXBuildFile; fileRef = 657E53421C7093CE005AD109 /* ImageCollectionViewCell.swift */; };
		657E53981C70A5F2005AD109 /* pdf-sample.pdf in Resources */ = {isa = PBXBuildFile; fileRef = 657E53971C70A5F2005AD109 /* pdf-sample.pdf */; };
		657E53B01C710ED2005AD109 /* crv-01-000000.png in Resources */ = {isa = PBXBuildFile; fileRef = 657E539B1C710ED2005AD109 /* crv-01-000000.png */; };
		657E53B11C710ED2005AD109 /* crv-01-2B2B2B.png in Resources */ = {isa = PBXBuildFile; fileRef = 657E539C1C710ED2005AD109 /* crv-01-2B2B2B.png */; };
		657E53B21C710ED2005AD109 /* crv-01-4F4642.png in Resources */ = {isa = PBXBuildFile; fileRef = 657E539D1C710ED2005AD109 /* crv-01-4F4642.png */; };
		657E53B31C710ED2005AD109 /* crv-01-6C87A4.png in Resources */ = {isa = PBXBuildFile; fileRef = 657E539E1C710ED2005AD109 /* crv-01-6C87A4.png */; };
		657E53B41C710ED2005AD109 /* crv-01-440A07.png in Resources */ = {isa = PBXBuildFile; fileRef = 657E539F1C710ED2005AD109 /* crv-01-440A07.png */; };
		657E53B51C710ED2005AD109 /* crv-01-742511.png in Resources */ = {isa = PBXBuildFile; fileRef = 657E53A01C710ED2005AD109 /* crv-01-742511.png */; };
		657E53B61C710ED2005AD109 /* crv-01-767676.png in Resources */ = {isa = PBXBuildFile; fileRef = 657E53A11C710ED2005AD109 /* crv-01-767676.png */; };
		657E53B71C710ED2005AD109 /* crv-01-FBFBFB.png in Resources */ = {isa = PBXBuildFile; fileRef = 657E53A21C710ED2005AD109 /* crv-01-FBFBFB.png */; };
		657E53B81C710ED2005AD109 /* crv-02.jpg in Resources */ = {isa = PBXBuildFile; fileRef = 657E53A31C710ED2005AD109 /* crv-02.jpg */; };
		657E53B91C710ED2005AD109 /* crv-03.jpg in Resources */ = {isa = PBXBuildFile; fileRef = 657E53A41C710ED2005AD109 /* crv-03.jpg */; };
		657E53BA1C710ED2005AD109 /* crv-04.jpg in Resources */ = {isa = PBXBuildFile; fileRef = 657E53A51C710ED2005AD109 /* crv-04.jpg */; };
		657E53BB1C710ED2005AD109 /* crv-05.jpg in Resources */ = {isa = PBXBuildFile; fileRef = 657E53A61C710ED2005AD109 /* crv-05.jpg */; };
		657E53BC1C710ED2005AD109 /* crv-06.jpg in Resources */ = {isa = PBXBuildFile; fileRef = 657E53A71C710ED2005AD109 /* crv-06.jpg */; };
		657E53BD1C710ED2005AD109 /* crv-07.jpg in Resources */ = {isa = PBXBuildFile; fileRef = 657E53A81C710ED2005AD109 /* crv-07.jpg */; };
		657E53BE1C710ED2005AD109 /* crv-09.jpg in Resources */ = {isa = PBXBuildFile; fileRef = 657E53A91C710ED2005AD109 /* crv-09.jpg */; };
		657E53BF1C710ED2005AD109 /* crv-10-.jpg in Resources */ = {isa = PBXBuildFile; fileRef = 657E53AA1C710ED2005AD109 /* crv-10-.jpg */; };
		657E53C01C710ED2005AD109 /* crv-11.jpg in Resources */ = {isa = PBXBuildFile; fileRef = 657E53AB1C710ED2005AD109 /* crv-11.jpg */; };
		657E53C11C710ED2005AD109 /* crv-12.jpg in Resources */ = {isa = PBXBuildFile; fileRef = 657E53AC1C710ED2005AD109 /* crv-12.jpg */; };
		657E53C21C710ED2005AD109 /* crv-13.jpg in Resources */ = {isa = PBXBuildFile; fileRef = 657E53AD1C710ED2005AD109 /* crv-13.jpg */; };
		657E53C31C710ED2005AD109 /* crv-14.jpg in Resources */ = {isa = PBXBuildFile; fileRef = 657E53AE1C710ED2005AD109 /* crv-14.jpg */; };
		657E53C41C710ED2005AD109 /* crv-15.jpg in Resources */ = {isa = PBXBuildFile; fileRef = 657E53AF1C710ED2005AD109 /* crv-15.jpg */; };
		657E53DB1C710EE2005AD109 /* pilot-01-0A103E.png in Resources */ = {isa = PBXBuildFile; fileRef = 657E53C51C710EE2005AD109 /* pilot-01-0A103E.png */; };
		657E53DC1C710EE2005AD109 /* pilot-01-2B2B2B.png in Resources */ = {isa = PBXBuildFile; fileRef = 657E53C61C710EE2005AD109 /* pilot-01-2B2B2B.png */; };
		657E53DD1C710EE2005AD109 /* pilot-01-2B3D2B.png in Resources */ = {isa = PBXBuildFile; fileRef = 657E53C71C710EE2005AD109 /* pilot-01-2B3D2B.png */; };
		657E53DE1C710EE2005AD109 /* pilot-01-3A191C.png in Resources */ = {isa = PBXBuildFile; fileRef = 657E53C81C710EE2005AD109 /* pilot-01-3A191C.png */; };
		657E53DF1C710EE2005AD109 /* pilot-01-4E4E4E.png in Resources */ = {isa = PBXBuildFile; fileRef = 657E53C91C710EE2005AD109 /* pilot-01-4E4E4E.png */; };
		657E53E01C710EE2005AD109 /* pilot-01-6C87A4.png in Resources */ = {isa = PBXBuildFile; fileRef = 657E53CA1C710EE2005AD109 /* pilot-01-6C87A4.png */; };
		657E53E11C710EE2005AD109 /* pilot-01-767676.png in Resources */ = {isa = PBXBuildFile; fileRef = 657E53CB1C710EE2005AD109 /* pilot-01-767676.png */; };
		657E53E21C710EE2005AD109 /* pilot-01-FBFBFB.png in Resources */ = {isa = PBXBuildFile; fileRef = 657E53CC1C710EE2005AD109 /* pilot-01-FBFBFB.png */; };
		657E53E31C710EE2005AD109 /* pilot-02.jpg in Resources */ = {isa = PBXBuildFile; fileRef = 657E53CD1C710EE2005AD109 /* pilot-02.jpg */; };
		657E53E41C710EE2005AD109 /* pilot-03.jpg in Resources */ = {isa = PBXBuildFile; fileRef = 657E53CE1C710EE2005AD109 /* pilot-03.jpg */; };
		657E53E51C710EE2005AD109 /* pilot-04.jpg in Resources */ = {isa = PBXBuildFile; fileRef = 657E53CF1C710EE2005AD109 /* pilot-04.jpg */; };
		657E53E61C710EE2005AD109 /* pilot-05.jpg in Resources */ = {isa = PBXBuildFile; fileRef = 657E53D01C710EE2005AD109 /* pilot-05.jpg */; };
		657E53E71C710EE2005AD109 /* pilot-06.jpg in Resources */ = {isa = PBXBuildFile; fileRef = 657E53D11C710EE2005AD109 /* pilot-06.jpg */; };
		657E53E81C710EE2005AD109 /* pilot-07.jpg in Resources */ = {isa = PBXBuildFile; fileRef = 657E53D21C710EE2005AD109 /* pilot-07.jpg */; };
		657E53E91C710EE2005AD109 /* pilot-08.jpg in Resources */ = {isa = PBXBuildFile; fileRef = 657E53D31C710EE2005AD109 /* pilot-08.jpg */; };
		657E53EA1C710EE2005AD109 /* pilot-09.jpg in Resources */ = {isa = PBXBuildFile; fileRef = 657E53D41C710EE2005AD109 /* pilot-09.jpg */; };
		657E53EB1C710EE2005AD109 /* pilot-10.jpg in Resources */ = {isa = PBXBuildFile; fileRef = 657E53D51C710EE2005AD109 /* pilot-10.jpg */; };
		657E53EC1C710EE2005AD109 /* pilot-11.jpg in Resources */ = {isa = PBXBuildFile; fileRef = 657E53D61C710EE2005AD109 /* pilot-11.jpg */; };
		657E53ED1C710EE2005AD109 /* pilot-12.jpg in Resources */ = {isa = PBXBuildFile; fileRef = 657E53D71C710EE2005AD109 /* pilot-12.jpg */; };
		657E53EE1C710EE2005AD109 /* pilot-13.jpg in Resources */ = {isa = PBXBuildFile; fileRef = 657E53D81C710EE2005AD109 /* pilot-13.jpg */; };
		657E53EF1C710EE2005AD109 /* pilot-14.jpg in Resources */ = {isa = PBXBuildFile; fileRef = 657E53D91C710EE2005AD109 /* pilot-14.jpg */; };
		657E53F01C710EE2005AD109 /* pilot-15.jpg in Resources */ = {isa = PBXBuildFile; fileRef = 657E53DA1C710EE2005AD109 /* pilot-15.jpg */; };
		657E53F21C71129D005AD109 /* honda-CR-V LX-2WD.pdf in Resources */ = {isa = PBXBuildFile; fileRef = 657E53F11C71129D005AD109 /* honda-CR-V LX-2WD.pdf */; };
		A6ABB2B61C636A2700B74638 /* AppDelegate.swift in Sources */ = {isa = PBXBuildFile; fileRef = A6ABB2B51C636A2700B74638 /* AppDelegate.swift */; };
		A6ABB2B81C636A2700B74638 /* ViewController.swift in Sources */ = {isa = PBXBuildFile; fileRef = A6ABB2B71C636A2700B74638 /* ViewController.swift */; };
		A6ABB2BB1C636A2800B74638 /* Main.storyboard in Resources */ = {isa = PBXBuildFile; fileRef = A6ABB2B91C636A2800B74638 /* Main.storyboard */; };
		A6ABB2C01C636A2800B74638 /* LaunchScreen.storyboard in Resources */ = {isa = PBXBuildFile; fileRef = A6ABB2BE1C636A2800B74638 /* LaunchScreen.storyboard */; };
		A6ABB2C81C636C9300B74638 /* HondaModelTableViewController.swift in Sources */ = {isa = PBXBuildFile; fileRef = A6ABB2C71C636C9300B74638 /* HondaModelTableViewController.swift */; };
		A6ABB2CC1C636D8C00B74638 /* Model.swift in Sources */ = {isa = PBXBuildFile; fileRef = A6ABB2CB1C636D8C00B74638 /* Model.swift */; };
		A6ABB2CE1C63730D00B74638 /* ModelLine.swift in Sources */ = {isa = PBXBuildFile; fileRef = A6ABB2CD1C63730D00B74638 /* ModelLine.swift */; };
		A6ABB2D71C63A46200B74638 /* Images.xcassets in Resources */ = {isa = PBXBuildFile; fileRef = A6ABB2D61C63A46200B74638 /* Images.xcassets */; };
/* End PBXBuildFile section */

/* Begin PBXFileReference section */
		657E53401C7093BA005AD109 /* GalleryCollectionViewController.swift */ = {isa = PBXFileReference; fileEncoding = 4; lastKnownFileType = sourcecode.swift; path = GalleryCollectionViewController.swift; sourceTree = "<group>"; };
		657E53421C7093CE005AD109 /* ImageCollectionViewCell.swift */ = {isa = PBXFileReference; fileEncoding = 4; lastKnownFileType = sourcecode.swift; path = ImageCollectionViewCell.swift; sourceTree = "<group>"; };
		657E53971C70A5F2005AD109 /* pdf-sample.pdf */ = {isa = PBXFileReference; lastKnownFileType = image.pdf; path = "pdf-sample.pdf"; sourceTree = "<group>"; };
		657E539B1C710ED2005AD109 /* crv-01-000000.png */ = {isa = PBXFileReference; lastKnownFileType = image.png; path = "crv-01-000000.png"; sourceTree = "<group>"; };
		657E539C1C710ED2005AD109 /* crv-01-2B2B2B.png */ = {isa = PBXFileReference; lastKnownFileType = image.png; path = "crv-01-2B2B2B.png"; sourceTree = "<group>"; };
		657E539D1C710ED2005AD109 /* crv-01-4F4642.png */ = {isa = PBXFileReference; lastKnownFileType = image.png; path = "crv-01-4F4642.png"; sourceTree = "<group>"; };
		657E539E1C710ED2005AD109 /* crv-01-6C87A4.png */ = {isa = PBXFileReference; lastKnownFileType = image.png; path = "crv-01-6C87A4.png"; sourceTree = "<group>"; };
		657E539F1C710ED2005AD109 /* crv-01-440A07.png */ = {isa = PBXFileReference; lastKnownFileType = image.png; path = "crv-01-440A07.png"; sourceTree = "<group>"; };
		657E53A01C710ED2005AD109 /* crv-01-742511.png */ = {isa = PBXFileReference; lastKnownFileType = image.png; path = "crv-01-742511.png"; sourceTree = "<group>"; };
		657E53A11C710ED2005AD109 /* crv-01-767676.png */ = {isa = PBXFileReference; lastKnownFileType = image.png; path = "crv-01-767676.png"; sourceTree = "<group>"; };
		657E53A21C710ED2005AD109 /* crv-01-FBFBFB.png */ = {isa = PBXFileReference; lastKnownFileType = image.png; path = "crv-01-FBFBFB.png"; sourceTree = "<group>"; };
		657E53A31C710ED2005AD109 /* crv-02.jpg */ = {isa = PBXFileReference; lastKnownFileType = image.jpeg; path = "crv-02.jpg"; sourceTree = "<group>"; };
		657E53A41C710ED2005AD109 /* crv-03.jpg */ = {isa = PBXFileReference; lastKnownFileType = image.jpeg; path = "crv-03.jpg"; sourceTree = "<group>"; };
		657E53A51C710ED2005AD109 /* crv-04.jpg */ = {isa = PBXFileReference; lastKnownFileType = image.jpeg; path = "crv-04.jpg"; sourceTree = "<group>"; };
		657E53A61C710ED2005AD109 /* crv-05.jpg */ = {isa = PBXFileReference; lastKnownFileType = image.jpeg; path = "crv-05.jpg"; sourceTree = "<group>"; };
		657E53A71C710ED2005AD109 /* crv-06.jpg */ = {isa = PBXFileReference; lastKnownFileType = image.jpeg; path = "crv-06.jpg"; sourceTree = "<group>"; };
		657E53A81C710ED2005AD109 /* crv-07.jpg */ = {isa = PBXFileReference; lastKnownFileType = image.jpeg; path = "crv-07.jpg"; sourceTree = "<group>"; };
		657E53A91C710ED2005AD109 /* crv-09.jpg */ = {isa = PBXFileReference; lastKnownFileType = image.jpeg; path = "crv-09.jpg"; sourceTree = "<group>"; };
		657E53AA1C710ED2005AD109 /* crv-10-.jpg */ = {isa = PBXFileReference; lastKnownFileType = image.jpeg; path = "crv-10-.jpg"; sourceTree = "<group>"; };
		657E53AB1C710ED2005AD109 /* crv-11.jpg */ = {isa = PBXFileReference; lastKnownFileType = image.jpeg; path = "crv-11.jpg"; sourceTree = "<group>"; };
		657E53AC1C710ED2005AD109 /* crv-12.jpg */ = {isa = PBXFileReference; lastKnownFileType = image.jpeg; path = "crv-12.jpg"; sourceTree = "<group>"; };
		657E53AD1C710ED2005AD109 /* crv-13.jpg */ = {isa = PBXFileReference; lastKnownFileType = image.jpeg; path = "crv-13.jpg"; sourceTree = "<group>"; };
		657E53AE1C710ED2005AD109 /* crv-14.jpg */ = {isa = PBXFileReference; lastKnownFileType = image.jpeg; path = "crv-14.jpg"; sourceTree = "<group>"; };
		657E53AF1C710ED2005AD109 /* crv-15.jpg */ = {isa = PBXFileReference; lastKnownFileType = image.jpeg; path = "crv-15.jpg"; sourceTree = "<group>"; };
		657E53C51C710EE2005AD109 /* pilot-01-0A103E.png */ = {isa = PBXFileReference; lastKnownFileType = image.png; path = "pilot-01-0A103E.png"; sourceTree = "<group>"; };
		657E53C61C710EE2005AD109 /* pilot-01-2B2B2B.png */ = {isa = PBXFileReference; lastKnownFileType = image.png; path = "pilot-01-2B2B2B.png"; sourceTree = "<group>"; };
		657E53C71C710EE2005AD109 /* pilot-01-2B3D2B.png */ = {isa = PBXFileReference; lastKnownFileType = image.png; path = "pilot-01-2B3D2B.png"; sourceTree = "<group>"; };
		657E53C81C710EE2005AD109 /* pilot-01-3A191C.png */ = {isa = PBXFileReference; lastKnownFileType = image.png; path = "pilot-01-3A191C.png"; sourceTree = "<group>"; };
		657E53C91C710EE2005AD109 /* pilot-01-4E4E4E.png */ = {isa = PBXFileReference; lastKnownFileType = image.png; path = "pilot-01-4E4E4E.png"; sourceTree = "<group>"; };
		657E53CA1C710EE2005AD109 /* pilot-01-6C87A4.png */ = {isa = PBXFileReference; lastKnownFileType = image.png; path = "pilot-01-6C87A4.png"; sourceTree = "<group>"; };
		657E53CB1C710EE2005AD109 /* pilot-01-767676.png */ = {isa = PBXFileReference; lastKnownFileType = image.png; path = "pilot-01-767676.png"; sourceTree = "<group>"; };
		657E53CC1C710EE2005AD109 /* pilot-01-FBFBFB.png */ = {isa = PBXFileReference; lastKnownFileType = image.png; path = "pilot-01-FBFBFB.png"; sourceTree = "<group>"; };
		657E53CD1C710EE2005AD109 /* pilot-02.jpg */ = {isa = PBXFileReference; lastKnownFileType = image.jpeg; path = "pilot-02.jpg"; sourceTree = "<group>"; };
		657E53CE1C710EE2005AD109 /* pilot-03.jpg */ = {isa = PBXFileReference; lastKnownFileType = image.jpeg; path = "pilot-03.jpg"; sourceTree = "<group>"; };
		657E53CF1C710EE2005AD109 /* pilot-04.jpg */ = {isa = PBXFileReference; lastKnownFileType = image.jpeg; path = "pilot-04.jpg"; sourceTree = "<group>"; };
		657E53D01C710EE2005AD109 /* pilot-05.jpg */ = {isa = PBXFileReference; lastKnownFileType = image.jpeg; path = "pilot-05.jpg"; sourceTree = "<group>"; };
		657E53D11C710EE2005AD109 /* pilot-06.jpg */ = {isa = PBXFileReference; lastKnownFileType = image.jpeg; path = "pilot-06.jpg"; sourceTree = "<group>"; };
		657E53D21C710EE2005AD109 /* pilot-07.jpg */ = {isa = PBXFileReference; lastKnownFileType = image.jpeg; path = "pilot-07.jpg"; sourceTree = "<group>"; };
		657E53D31C710EE2005AD109 /* pilot-08.jpg */ = {isa = PBXFileReference; lastKnownFileType = image.jpeg; path = "pilot-08.jpg"; sourceTree = "<group>"; };
		657E53D41C710EE2005AD109 /* pilot-09.jpg */ = {isa = PBXFileReference; lastKnownFileType = image.jpeg; path = "pilot-09.jpg"; sourceTree = "<group>"; };
		657E53D51C710EE2005AD109 /* pilot-10.jpg */ = {isa = PBXFileReference; lastKnownFileType = image.jpeg; path = "pilot-10.jpg"; sourceTree = "<group>"; };
		657E53D61C710EE2005AD109 /* pilot-11.jpg */ = {isa = PBXFileReference; lastKnownFileType = image.jpeg; path = "pilot-11.jpg"; sourceTree = "<group>"; };
		657E53D71C710EE2005AD109 /* pilot-12.jpg */ = {isa = PBXFileReference; lastKnownFileType = image.jpeg; path = "pilot-12.jpg"; sourceTree = "<group>"; };
		657E53D81C710EE2005AD109 /* pilot-13.jpg */ = {isa = PBXFileReference; lastKnownFileType = image.jpeg; path = "pilot-13.jpg"; sourceTree = "<group>"; };
		657E53D91C710EE2005AD109 /* pilot-14.jpg */ = {isa = PBXFileReference; lastKnownFileType = image.jpeg; path = "pilot-14.jpg"; sourceTree = "<group>"; };
		657E53DA1C710EE2005AD109 /* pilot-15.jpg */ = {isa = PBXFileReference; lastKnownFileType = image.jpeg; path = "pilot-15.jpg"; sourceTree = "<group>"; };
		657E53F11C71129D005AD109 /* honda-CR-V LX-2WD.pdf */ = {isa = PBXFileReference; lastKnownFileType = image.pdf; path = "honda-CR-V LX-2WD.pdf"; sourceTree = "<group>"; };
		A6ABB2B21C636A2700B74638 /* Honda Showroom.app */ = {isa = PBXFileReference; explicitFileType = wrapper.application; includeInIndex = 0; path = "Honda Showroom.app"; sourceTree = BUILT_PRODUCTS_DIR; };
		A6ABB2B51C636A2700B74638 /* AppDelegate.swift */ = {isa = PBXFileReference; lastKnownFileType = sourcecode.swift; name = AppDelegate.swift; path = "Honda Showroom/AppDelegate.swift"; sourceTree = "<group>"; };
		A6ABB2B71C636A2700B74638 /* ViewController.swift */ = {isa = PBXFileReference; lastKnownFileType = sourcecode.swift; name = ViewController.swift; path = "Honda Showroom/ViewController.swift"; sourceTree = "<group>"; };
		A6ABB2BA1C636A2800B74638 /* Base */ = {isa = PBXFileReference; lastKnownFileType = file.storyboard; name = Base; path = Base.lproj/Main.storyboard; sourceTree = "<group>"; };
		A6ABB2BF1C636A2800B74638 /* Base */ = {isa = PBXFileReference; lastKnownFileType = file.storyboard; name = Base; path = Base.lproj/LaunchScreen.storyboard; sourceTree = "<group>"; };
		A6ABB2C11C636A2800B74638 /* Info.plist */ = {isa = PBXFileReference; lastKnownFileType = text.plist.xml; name = Info.plist; path = "Honda Showroom/Info.plist"; sourceTree = "<group>"; };
		A6ABB2C71C636C9300B74638 /* HondaModelTableViewController.swift */ = {isa = PBXFileReference; fileEncoding = 4; lastKnownFileType = sourcecode.swift; path = HondaModelTableViewController.swift; sourceTree = "<group>"; };
		A6ABB2CB1C636D8C00B74638 /* Model.swift */ = {isa = PBXFileReference; fileEncoding = 4; lastKnownFileType = sourcecode.swift; path = Model.swift; sourceTree = "<group>"; };
		A6ABB2CD1C63730D00B74638 /* ModelLine.swift */ = {isa = PBXFileReference; fileEncoding = 4; lastKnownFileType = sourcecode.swift; path = ModelLine.swift; sourceTree = "<group>"; };
		A6ABB2D61C63A46200B74638 /* Images.xcassets */ = {isa = PBXFileReference; lastKnownFileType = folder.assetcatalog; path = Images.xcassets; sourceTree = "<group>"; };
/* End PBXFileReference section */

/* Begin PBXFrameworksBuildPhase section */
		A6ABB2AF1C636A2700B74638 /* Frameworks */ = {
			isa = PBXFrameworksBuildPhase;
			buildActionMask = 2147483647;
			files = (
			);
			runOnlyForDeploymentPostprocessing = 0;
		};
/* End PBXFrameworksBuildPhase section */

/* Begin PBXGroup section */
		657E53441C70945C005AD109 /* Graphics */ = {
			isa = PBXGroup;
			children = (
				657E539A1C710EB6005AD109 /* honda-pilot */,
				657E53991C710EAE005AD109 /* honda-crv */,
			);
			name = Graphics;
			sourceTree = "<group>";
		};
		657E53991C710EAE005AD109 /* honda-crv */ = {
			isa = PBXGroup;
			children = (
				657E539B1C710ED2005AD109 /* crv-01-000000.png */,
				657E539C1C710ED2005AD109 /* crv-01-2B2B2B.png */,
				657E539D1C710ED2005AD109 /* crv-01-4F4642.png */,
				657E539E1C710ED2005AD109 /* crv-01-6C87A4.png */,
				657E539F1C710ED2005AD109 /* crv-01-440A07.png */,
				657E53A01C710ED2005AD109 /* crv-01-742511.png */,
				657E53A11C710ED2005AD109 /* crv-01-767676.png */,
				657E53A21C710ED2005AD109 /* crv-01-FBFBFB.png */,
				657E53A31C710ED2005AD109 /* crv-02.jpg */,
				657E53A41C710ED2005AD109 /* crv-03.jpg */,
				657E53A51C710ED2005AD109 /* crv-04.jpg */,
				657E53A61C710ED2005AD109 /* crv-05.jpg */,
				657E53A71C710ED2005AD109 /* crv-06.jpg */,
				657E53A81C710ED2005AD109 /* crv-07.jpg */,
				657E53A91C710ED2005AD109 /* crv-09.jpg */,
				657E53AA1C710ED2005AD109 /* crv-10-.jpg */,
				657E53AB1C710ED2005AD109 /* crv-11.jpg */,
				657E53AC1C710ED2005AD109 /* crv-12.jpg */,
				657E53AD1C710ED2005AD109 /* crv-13.jpg */,
				657E53AE1C710ED2005AD109 /* crv-14.jpg */,
				657E53AF1C710ED2005AD109 /* crv-15.jpg */,
			);
			name = "honda-crv";
			sourceTree = "<group>";
		};
		657E539A1C710EB6005AD109 /* honda-pilot */ = {
			isa = PBXGroup;
			children = (
				657E53C51C710EE2005AD109 /* pilot-01-0A103E.png */,
				657E53C61C710EE2005AD109 /* pilot-01-2B2B2B.png */,
				657E53C71C710EE2005AD109 /* pilot-01-2B3D2B.png */,
				657E53C81C710EE2005AD109 /* pilot-01-3A191C.png */,
				657E53C91C710EE2005AD109 /* pilot-01-4E4E4E.png */,
				657E53CA1C710EE2005AD109 /* pilot-01-6C87A4.png */,
				657E53CB1C710EE2005AD109 /* pilot-01-767676.png */,
				657E53CC1C710EE2005AD109 /* pilot-01-FBFBFB.png */,
				657E53CD1C710EE2005AD109 /* pilot-02.jpg */,
				657E53CE1C710EE2005AD109 /* pilot-03.jpg */,
				657E53CF1C710EE2005AD109 /* pilot-04.jpg */,
				657E53D01C710EE2005AD109 /* pilot-05.jpg */,
				657E53D11C710EE2005AD109 /* pilot-06.jpg */,
				657E53D21C710EE2005AD109 /* pilot-07.jpg */,
				657E53D31C710EE2005AD109 /* pilot-08.jpg */,
				657E53D41C710EE2005AD109 /* pilot-09.jpg */,
				657E53D51C710EE2005AD109 /* pilot-10.jpg */,
				657E53D61C710EE2005AD109 /* pilot-11.jpg */,
				657E53D71C710EE2005AD109 /* pilot-12.jpg */,
				657E53D81C710EE2005AD109 /* pilot-13.jpg */,
				657E53D91C710EE2005AD109 /* pilot-14.jpg */,
				657E53DA1C710EE2005AD109 /* pilot-15.jpg */,
			);
			name = "honda-pilot";
			sourceTree = "<group>";
		};
		A6ABB2A91C636A2700B74638 = {
			isa = PBXGroup;
			children = (
				657E53F11C71129D005AD109 /* honda-CR-V LX-2WD.pdf */,
				657E53971C70A5F2005AD109 /* pdf-sample.pdf */,
				657E53441C70945C005AD109 /* Graphics */,
				A6ABB2D61C63A46200B74638 /* Images.xcassets */,
				A6ABB2B51C636A2700B74638 /* AppDelegate.swift */,
				A6ABB2D01C637AFB00B74638 /* Controller */,
				A6ABB2CF1C637AF500B74638 /* Views */,
				A6ABB2CA1C636D2400B74638 /* Model */,
				A6ABB2B31C636A2700B74638 /* Products */,
				A6ABB2C11C636A2800B74638 /* Info.plist */,
			);
			sourceTree = "<group>";
		};
		A6ABB2B31C636A2700B74638 /* Products */ = {
			isa = PBXGroup;
			children = (
				A6ABB2B21C636A2700B74638 /* Honda Showroom.app */,
			);
			name = Products;
			sourceTree = "<group>";
		};
		A6ABB2CA1C636D2400B74638 /* Model */ = {
			isa = PBXGroup;
			children = (
				A6ABB2CB1C636D8C00B74638 /* Model.swift */,
				A6ABB2CD1C63730D00B74638 /* ModelLine.swift */,
			);
			name = Model;
			sourceTree = "<group>";
		};
		A6ABB2CF1C637AF500B74638 /* Views */ = {
			isa = PBXGroup;
			children = (
				A6ABB2B91C636A2800B74638 /* Main.storyboard */,
				A6ABB2BE1C636A2800B74638 /* LaunchScreen.storyboard */,
			);
			name = Views;
			sourceTree = "<group>";
		};
		A6ABB2D01C637AFB00B74638 /* Controller */ = {
			isa = PBXGroup;
			children = (
				A6ABB2C71C636C9300B74638 /* HondaModelTableViewController.swift */,
				A6ABB2B71C636A2700B74638 /* ViewController.swift */,
				657E53401C7093BA005AD109 /* GalleryCollectionViewController.swift */,
				657E53421C7093CE005AD109 /* ImageCollectionViewCell.swift */,
			);
			name = Controller;
			sourceTree = "<group>";
		};
/* End PBXGroup section */

/* Begin PBXNativeTarget section */
		A6ABB2B11C636A2700B74638 /* Honda Showroom */ = {
			isa = PBXNativeTarget;
			buildConfigurationList = A6ABB2C41C636A2800B74638 /* Build configuration list for PBXNativeTarget "Honda Showroom" */;
			buildPhases = (
				A6ABB2AE1C636A2700B74638 /* Sources */,
				A6ABB2AF1C636A2700B74638 /* Frameworks */,
				A6ABB2B01C636A2700B74638 /* Resources */,
			);
			buildRules = (
			);
			dependencies = (
			);
			name = "Honda Showroom";
			productName = "Honda Showroom";
			productReference = A6ABB2B21C636A2700B74638 /* Honda Showroom.app */;
			productType = "com.apple.product-type.application";
		};
/* End PBXNativeTarget section */

/* Begin PBXProject section */
		A6ABB2AA1C636A2700B74638 /* Project object */ = {
			isa = PBXProject;
			attributes = {
				LastSwiftUpdateCheck = 0720;
				LastUpgradeCheck = 0720;
				ORGANIZATIONNAME = "Studio 966";
				TargetAttributes = {
					A6ABB2B11C636A2700B74638 = {
						CreatedOnToolsVersion = 7.2;
					};
				};
			};
			buildConfigurationList = A6ABB2AD1C636A2700B74638 /* Build configuration list for PBXProject "Honda Showroom" */;
			compatibilityVersion = "Xcode 3.2";
			developmentRegion = English;
			hasScannedForEncodings = 0;
			knownRegions = (
				en,
				Base,
			);
			mainGroup = A6ABB2A91C636A2700B74638;
			productRefGroup = A6ABB2B31C636A2700B74638 /* Products */;
			projectDirPath = "";
			projectRoot = "";
			targets = (
				A6ABB2B11C636A2700B74638 /* Honda Showroom */,
			);
		};
/* End PBXProject section */

/* Begin PBXResourcesBuildPhase section */
		A6ABB2B01C636A2700B74638 /* Resources */ = {
			isa = PBXResourcesBuildPhase;
			buildActionMask = 2147483647;
			files = (
				657E53C41C710ED2005AD109 /* crv-15.jpg in Resources */,
				657E53BA1C710ED2005AD109 /* crv-04.jpg in Resources */,
				657E53B21C710ED2005AD109 /* crv-01-4F4642.png in Resources */,
				657E53DE1C710EE2005AD109 /* pilot-01-3A191C.png in Resources */,
				A6ABB2D71C63A46200B74638 /* Images.xcassets in Resources */,
				657E53B81C710ED2005AD109 /* crv-02.jpg in Resources */,
				657E53F01C710EE2005AD109 /* pilot-15.jpg in Resources */,
				657E53C21C710ED2005AD109 /* crv-13.jpg in Resources */,
				657E53E01C710EE2005AD109 /* pilot-01-6C87A4.png in Resources */,
				657E53B71C710ED2005AD109 /* crv-01-FBFBFB.png in Resources */,
				657E53B51C710ED2005AD109 /* crv-01-742511.png in Resources */,
				657E53BB1C710ED2005AD109 /* crv-05.jpg in Resources */,
				A6ABB2C01C636A2800B74638 /* LaunchScreen.storyboard in Resources */,
				657E53B41C710ED2005AD109 /* crv-01-440A07.png in Resources */,
				657E53DF1C710EE2005AD109 /* pilot-01-4E4E4E.png in Resources */,
				657E53E41C710EE2005AD109 /* pilot-03.jpg in Resources */,
				657E53B01C710ED2005AD109 /* crv-01-000000.png in Resources */,
				A6ABB2BB1C636A2800B74638 /* Main.storyboard in Resources */,
				657E53E11C710EE2005AD109 /* pilot-01-767676.png in Resources */,
				657E53BC1C710ED2005AD109 /* crv-06.jpg in Resources */,
				657E53ED1C710EE2005AD109 /* pilot-12.jpg in Resources */,
				657E53BD1C710ED2005AD109 /* crv-07.jpg in Resources */,
				657E53E51C710EE2005AD109 /* pilot-04.jpg in Resources */,
				657E53B11C710ED2005AD109 /* crv-01-2B2B2B.png in Resources */,
				657E53DD1C710EE2005AD109 /* pilot-01-2B3D2B.png in Resources */,
				657E53981C70A5F2005AD109 /* pdf-sample.pdf in Resources */,
				657E53E91C710EE2005AD109 /* pilot-08.jpg in Resources */,
				657E53EC1C710EE2005AD109 /* pilot-11.jpg in Resources */,
				657E53BE1C710ED2005AD109 /* crv-09.jpg in Resources */,
				657E53C01C710ED2005AD109 /* crv-11.jpg in Resources */,
				657E53EE1C710EE2005AD109 /* pilot-13.jpg in Resources */,
				657E53DB1C710EE2005AD109 /* pilot-01-0A103E.png in Resources */,
				657E53BF1C710ED2005AD109 /* crv-10-.jpg in Resources */,
				657E53E21C710EE2005AD109 /* pilot-01-FBFBFB.png in Resources */,
				657E53E81C710EE2005AD109 /* pilot-07.jpg in Resources */,
				657E53C11C710ED2005AD109 /* crv-12.jpg in Resources */,
				657E53E71C710EE2005AD109 /* pilot-06.jpg in Resources */,
				657E53DC1C710EE2005AD109 /* pilot-01-2B2B2B.png in Resources */,
				657E53B31C710ED2005AD109 /* crv-01-6C87A4.png in Resources */,
				657E53E31C710EE2005AD109 /* pilot-02.jpg in Resources */,
				657E53B91C710ED2005AD109 /* crv-03.jpg in Resources */,
				657E53EA1C710EE2005AD109 /* pilot-09.jpg in Resources */,
				657E53F21C71129D005AD109 /* honda-CR-V LX-2WD.pdf in Resources */,
				657E53E61C710EE2005AD109 /* pilot-05.jpg in Resources */,
				657E53C31C710ED2005AD109 /* crv-14.jpg in Resources */,
				657E53EF1C710EE2005AD109 /* pilot-14.jpg in Resources */,
				657E53B61C710ED2005AD109 /* crv-01-767676.png in Resources */,
				657E53EB1C710EE2005AD109 /* pilot-10.jpg in Resources */,
			);
			runOnlyForDeploymentPostprocessing = 0;
		};
/* End PBXResourcesBuildPhase section */

/* Begin PBXSourcesBuildPhase section */
		A6ABB2AE1C636A2700B74638 /* Sources */ = {
			isa = PBXSourcesBuildPhase;
			buildActionMask = 2147483647;
			files = (
				A6ABB2C81C636C9300B74638 /* HondaModelTableViewController.swift in Sources */,
				657E53411C7093BA005AD109 /* GalleryCollectionViewController.swift in Sources */,
				A6ABB2CE1C63730D00B74638 /* ModelLine.swift in Sources */,
				657E53431C7093CE005AD109 /* ImageCollectionViewCell.swift in Sources */,
				A6ABB2B81C636A2700B74638 /* ViewController.swift in Sources */,
				A6ABB2B61C636A2700B74638 /* AppDelegate.swift in Sources */,
				A6ABB2CC1C636D8C00B74638 /* Model.swift in Sources */,
			);
			runOnlyForDeploymentPostprocessing = 0;
		};
/* End PBXSourcesBuildPhase section */

/* Begin PBXVariantGroup section */
		A6ABB2B91C636A2800B74638 /* Main.storyboard */ = {
			isa = PBXVariantGroup;
			children = (
				A6ABB2BA1C636A2800B74638 /* Base */,
			);
			name = Main.storyboard;
			path = "Honda Showroom";
			sourceTree = "<group>";
		};
		A6ABB2BE1C636A2800B74638 /* LaunchScreen.storyboard */ = {
			isa = PBXVariantGroup;
			children = (
				A6ABB2BF1C636A2800B74638 /* Base */,
			);
			name = LaunchScreen.storyboard;
			path = "Honda Showroom";
			sourceTree = "<group>";
		};
/* End PBXVariantGroup section */

/* Begin XCBuildConfiguration section */
		A6ABB2C21C636A2800B74638 /* Debug */ = {
			isa = XCBuildConfiguration;
			buildSettings = {
				ALWAYS_SEARCH_USER_PATHS = NO;
				CLANG_CXX_LANGUAGE_STANDARD = "gnu++0x";
				CLANG_CXX_LIBRARY = "libc++";
				CLANG_ENABLE_MODULES = YES;
				CLANG_ENABLE_OBJC_ARC = YES;
				CLANG_WARN_BOOL_CONVERSION = YES;
				CLANG_WARN_CONSTANT_CONVERSION = YES;
				CLANG_WARN_DIRECT_OBJC_ISA_USAGE = YES_ERROR;
				CLANG_WARN_EMPTY_BODY = YES;
				CLANG_WARN_ENUM_CONVERSION = YES;
				CLANG_WARN_INT_CONVERSION = YES;
				CLANG_WARN_OBJC_ROOT_CLASS = YES_ERROR;
				CLANG_WARN_UNREACHABLE_CODE = YES;
				CLANG_WARN__DUPLICATE_METHOD_MATCH = YES;
				"CODE_SIGN_IDENTITY[sdk=iphoneos*]" = "iPhone Developer";
				COPY_PHASE_STRIP = NO;
				DEBUG_INFORMATION_FORMAT = dwarf;
				ENABLE_STRICT_OBJC_MSGSEND = YES;
				ENABLE_TESTABILITY = YES;
				GCC_C_LANGUAGE_STANDARD = gnu99;
				GCC_DYNAMIC_NO_PIC = NO;
				GCC_NO_COMMON_BLOCKS = YES;
				GCC_OPTIMIZATION_LEVEL = 0;
				GCC_PREPROCESSOR_DEFINITIONS = (
					"DEBUG=1",
					"$(inherited)",
				);
				GCC_WARN_64_TO_32_BIT_CONVERSION = YES;
				GCC_WARN_ABOUT_RETURN_TYPE = YES_ERROR;
				GCC_WARN_UNDECLARED_SELECTOR = YES;
				GCC_WARN_UNINITIALIZED_AUTOS = YES_AGGRESSIVE;
				GCC_WARN_UNUSED_FUNCTION = YES;
				GCC_WARN_UNUSED_VARIABLE = YES;
				IPHONEOS_DEPLOYMENT_TARGET = 9.2;
				MTL_ENABLE_DEBUG_INFO = YES;
				ONLY_ACTIVE_ARCH = YES;
				SDKROOT = iphoneos;
				SWIFT_OPTIMIZATION_LEVEL = "-Onone";
				TARGETED_DEVICE_FAMILY = 2;
			};
			name = Debug;
		};
		A6ABB2C31C636A2800B74638 /* Release */ = {
			isa = XCBuildConfiguration;
			buildSettings = {
				ALWAYS_SEARCH_USER_PATHS = NO;
				CLANG_CXX_LANGUAGE_STANDARD = "gnu++0x";
				CLANG_CXX_LIBRARY = "libc++";
				CLANG_ENABLE_MODULES = YES;
				CLANG_ENABLE_OBJC_ARC = YES;
				CLANG_WARN_BOOL_CONVERSION = YES;
				CLANG_WARN_CONSTANT_CONVERSION = YES;
				CLANG_WARN_DIRECT_OBJC_ISA_USAGE = YES_ERROR;
				CLANG_WARN_EMPTY_BODY = YES;
				CLANG_WARN_ENUM_CONVERSION = YES;
				CLANG_WARN_INT_CONVERSION = YES;
				CLANG_WARN_OBJC_ROOT_CLASS = YES_ERROR;
				CLANG_WARN_UNREACHABLE_CODE = YES;
				CLANG_WARN__DUPLICATE_METHOD_MATCH = YES;
				"CODE_SIGN_IDENTITY[sdk=iphoneos*]" = "iPhone Developer";
				COPY_PHASE_STRIP = NO;
				DEBUG_INFORMATION_FORMAT = "dwarf-with-dsym";
				ENABLE_NS_ASSERTIONS = NO;
				ENABLE_STRICT_OBJC_MSGSEND = YES;
				GCC_C_LANGUAGE_STANDARD = gnu99;
				GCC_NO_COMMON_BLOCKS = YES;
				GCC_WARN_64_TO_32_BIT_CONVERSION = YES;
				GCC_WARN_ABOUT_RETURN_TYPE = YES_ERROR;
				GCC_WARN_UNDECLARED_SELECTOR = YES;
				GCC_WARN_UNINITIALIZED_AUTOS = YES_AGGRESSIVE;
				GCC_WARN_UNUSED_FUNCTION = YES;
				GCC_WARN_UNUSED_VARIABLE = YES;
				IPHONEOS_DEPLOYMENT_TARGET = 9.2;
				MTL_ENABLE_DEBUG_INFO = NO;
				SDKROOT = iphoneos;
				TARGETED_DEVICE_FAMILY = 2;
				VALIDATE_PRODUCT = YES;
			};
			name = Release;
		};
		A6ABB2C51C636A2800B74638 /* Debug */ = {
			isa = XCBuildConfiguration;
			buildSettings = {
				ASSETCATALOG_COMPILER_APPICON_NAME = AppIcon;
				INFOPLIST_FILE = "Honda Showroom/Info.plist";
				LD_RUNPATH_SEARCH_PATHS = "$(inherited) @executable_path/Frameworks";
				PRODUCT_BUNDLE_IDENTIFIER = "sa.studio966.Honda-Showroom";
				PRODUCT_NAME = "$(TARGET_NAME)";
			};
			name = Debug;
		};
		A6ABB2C61C636A2800B74638 /* Release */ = {
			isa = XCBuildConfiguration;
			buildSettings = {
				ASSETCATALOG_COMPILER_APPICON_NAME = AppIcon;
				INFOPLIST_FILE = "Honda Showroom/Info.plist";
				LD_RUNPATH_SEARCH_PATHS = "$(inherited) @executable_path/Frameworks";
				PRODUCT_BUNDLE_IDENTIFIER = "sa.studio966.Honda-Showroom";
				PRODUCT_NAME = "$(TARGET_NAME)";
			};
			name = Release;
		};
/* End XCBuildConfiguration section */

/* Begin XCConfigurationList section */
		A6ABB2AD1C636A2700B74638 /* Build configuration list for PBXProject "Honda Showroom" */ = {
			isa = XCConfigurationList;
			buildConfigurations = (
				A6ABB2C21C636A2800B74638 /* Debug */,
				A6ABB2C31C636A2800B74638 /* Release */,
			);
			defaultConfigurationIsVisible = 0;
			defaultConfigurationName = Release;
		};
		A6ABB2C41C636A2800B74638 /* Build configuration list for PBXNativeTarget "Honda Showroom" */ = {
			isa = XCConfigurationList;
			buildConfigurations = (
				A6ABB2C51C636A2800B74638 /* Debug */,
				A6ABB2C61C636A2800B74638 /* Release */,
			);
			defaultConfigurationIsVisible = 0;
			defaultConfigurationName = Release;
		};
/* End XCConfigurationList section */
	};
	rootObject = A6ABB2AA1C636A2700B74638 /* Project object */;
}
